
Microsoft Visual Studio Solution File, Format Version 12.00
# Visual Studio Version 16
VisualStudioVersion = 16.0.29806.167
MinimumVisualStudioVersion = 10.0.40219.1
Project("{9A19103F-16F7-4668-BE54-9A1E7A4F7556}") = "CRMLibrary", "CRMLibrary\CRMLibrary.csproj", "{D11D4A18-D6EA-4D36-8F6F-D529FC9770D2}"
EndProject
Project("{9A19103F-16F7-4668-BE54-9A1E7A4F7556}") = "CRMClient", "CRMClient\CRMClient.csproj", "{770AE44E-B518-4A60-86B6-A8208FDF3C77}"
EndProject
Project("{9A19103F-16F7-4668-BE54-9A1E7A4F7556}") = "CRMAPI", "CRMAPI\CRMAPI.csproj", "{3913CB59-5350-4C55-BE6B-F2BBD07BEBAA}"
EndProject
Global
	GlobalSection(SolutionConfigurationPlatforms) = preSolution
		Debug|Any CPU = Debug|Any CPU
		Release|Any CPU = Release|Any CPU
	EndGlobalSection
	GlobalSection(ProjectConfigurationPlatforms) = postSolution
		{D11D4A18-D6EA-4D36-8F6F-D529FC9770D2}.Debug|Any CPU.ActiveCfg = Debug|Any CPU
		{D11D4A18-D6EA-4D36-8F6F-D529FC9770D2}.Debug|Any CPU.Build.0 = Debug|Any CPU
		{D11D4A18-D6EA-4D36-8F6F-D529FC9770D2}.Release|Any CPU.ActiveCfg = Release|Any CPU
		{D11D4A18-D6EA-4D36-8F6F-D529FC9770D2}.Release|Any CPU.Build.0 = Release|Any CPU
		{770AE44E-B518-4A60-86B6-A8208FDF3C77}.Debug|Any CPU.ActiveCfg = Debug|Any CPU
		{770AE44E-B518-4A60-86B6-A8208FDF3C77}.Debug|Any CPU.Build.0 = Debug|Any CPU
		{770AE44E-B518-4A60-86B6-A8208FDF3C77}.Release|Any CPU.ActiveCfg = Release|Any CPU
		{770AE44E-B518-4A60-86B6-A8208FDF3C77}.Release|Any CPU.Build.0 = Release|Any CPU
		{3913CB59-5350-4C55-BE6B-F2BBD07BEBAA}.Debug|Any CPU.ActiveCfg = Debug|Any CPU
		{3913CB59-5350-4C55-BE6B-F2BBD07BEBAA}.Debug|Any CPU.Build.0 = Debug|Any CPU
		{3913CB59-5350-4C55-BE6B-F2BBD07BEBAA}.Release|Any CPU.ActiveCfg = Release|Any CPU
		{3913CB59-5350-4C55-BE6B-F2BBD07BEBAA}.Release|Any CPU.Build.0 = Release|Any CPU
	EndGlobalSection
	GlobalSection(SolutionProperties) = preSolution
		HideSolutionNode = FALSE
	EndGlobalSection
	GlobalSection(ExtensibilityGlobals) = postSolution
		SolutionGuid = {D0783CC7-F6EC-4987-B2EA-AF29A8C3592B}
	EndGlobalSection
EndGlobal
